
Microsoft Visual Studio Solution File, Format Version 12.00
# Visual Studio 15
VisualStudioVersion = 15.0.28307.902
MinimumVisualStudioVersion = 10.0.40219.1
Project("{FAE04EC0-301F-11D3-BF4B-00C04F79EFBC}") = "Online_Store_Test4", "Online_Store_Test4\Online_Store_Test4.csproj", "{FF818429-3187-4859-B595-F64844D4EEB1}"
EndProject
Global
	GlobalSection(SolutionConfigurationPlatforms) = preSolution
		Debug|Any CPU = Debug|Any CPU
		Release|Any CPU = Release|Any CPU
	EndGlobalSection
	GlobalSection(ProjectConfigurationPlatforms) = postSolution
		{FF818429-3187-4859-B595-F64844D4EEB1}.Debug|Any CPU.ActiveCfg = Debug|Any CPU
		{FF818429-3187-4859-B595-F64844D4EEB1}.Debug|Any CPU.Build.0 = Debug|Any CPU
		{FF818429-3187-4859-B595-F64844D4EEB1}.Release|Any CPU.ActiveCfg = Release|Any CPU
		{FF818429-3187-4859-B595-F64844D4EEB1}.Release|Any CPU.Build.0 = Release|Any CPU
	EndGlobalSection
	GlobalSection(SolutionProperties) = preSolution
		HideSolutionNode = FALSE
	EndGlobalSection
	GlobalSection(ExtensibilityGlobals) = postSolution
		SolutionGuid = {707B5086-709C-47AF-A367-32C63D662564}
	EndGlobalSection
EndGlobal
